
Microsoft Visual Studio Solution File, Format Version 12.00
# Visual Studio Version 17
VisualStudioVersion = 17.8.34322.80
MinimumVisualStudioVersion = 10.0.40219.1
Project("{FAE04EC0-301F-11D3-BF4B-00C04F79EFBC}") = "LogiinLogout", "LogiinLogout\LogiinLogout.csproj", "{B51D8078-7CC0-43C6-982C-0BEEB62AE622}"
EndProject
Global
	GlobalSection(SolutionConfigurationPlatforms) = preSolution
		Debug|Any CPU = Debug|Any CPU
		Release|Any CPU = Release|Any CPU
	EndGlobalSection
	GlobalSection(ProjectConfigurationPlatforms) = postSolution
		{B51D8078-7CC0-43C6-982C-0BEEB62AE622}.Debug|Any CPU.ActiveCfg = Debug|Any CPU
		{B51D8078-7CC0-43C6-982C-0BEEB62AE622}.Debug|Any CPU.Build.0 = Debug|Any CPU
		{B51D8078-7CC0-43C6-982C-0BEEB62AE622}.Release|Any CPU.ActiveCfg = Release|Any CPU
		{B51D8078-7CC0-43C6-982C-0BEEB62AE622}.Release|Any CPU.Build.0 = Release|Any CPU
	EndGlobalSection
	GlobalSection(SolutionProperties) = preSolution
		HideSolutionNode = FALSE
	EndGlobalSection
	GlobalSection(ExtensibilityGlobals) = postSolution
		SolutionGuid = {4CA54558-864A-4A75-9759-BCC3DDCFB7D6}
	EndGlobalSection
EndGlobal
